<?xml version="1.0" encoding="utf-8"?>
<Project ToolsVersion="4.0" xmlns="http://schemas.microsoft.com/developer/msbuild/2003">
  <ItemGroup>
    <Filter Include="Source Files">
      <UniqueIdentifier>{4FC737F1-C7A5-4376-A066-2A32D752A2FF}</UniqueIdentifier>
      <Extensions>cpp;c;cc;cxx;def;odl;idl;hpj;bat;asm;asmx</Extensions>
    </Filter>
    <Filter Include="Header Files">
      <UniqueIdentifier>{93995380-89BD-4b04-88EB-625FBE52EBFB}</UniqueIdentifier>
      <Extensions>h;hh;hpp;hxx;hm;inl;inc;xsd</Extensions>
    </Filter>
    <Filter Include="Resource Files">
      <UniqueIdentifier>{67DA6AB6-F800-4c08-8B7A-83BB121AAD01}</UniqueIdentifier>
      <Extensions>rc;ico;cur;bmp;dlg;rc2;rct;bin;rgs;gif;jpg;jpeg;jpe;resx;tiff;tif;png;wav;mfcribbon-ms</Extensions>
    </Filter>
  </ItemGroup>
  <ItemGroup>
    <ResourceCompile Include="res.rc">
      <Filter>Resource Files</Filter>
    </ResourceCompile>
  </ItemGroup>
  <ItemGroup>
    <ClInclude Include="..\..\track_plus_core\track_plus\thinning_computer_new.h">
      <Filter>Header Files</Filter>
    </ClInclude>
    <ClInclude Include="..\..\track_plus_core\track_plus\value_store.h">
      <Filter>Header Files</Filter>
    </ClInclude>
    <ClInclude Include="..\..\track_plus_core\track_plus\warper.h">
      <Filter>Header Files</Filter>
    </ClInclude>
    <ClInclude Include="..\..\track_plus_core\track_plus\blob_detector_new.h">
      <Filter>Header Files</Filter>
    </ClInclude>
    <ClInclude Include="..\..\track_plus_core\track_plus\blob_new.h">
      <Filter>Header Files</Filter>
    </ClInclude>
    <ClInclude Include="..\..\track_plus_core\track_plus\c_tracker.h">
      <Filter>Header Files</Filter>
    </ClInclude>
    <ClInclude Include="..\..\track_plus_core\track_plus\camera_initializer_new.h">
      <Filter>Header Files</Filter>
    </ClInclude>
    <ClInclude Include="..\..\track_plus_core\track_plus\contour_functions.h">
      <Filter>Header Files</Filter>
    </ClInclude>
    <ClInclude Include="..\..\track_plus_core\track_plus\curve_fitting.h">
      <Filter>Header Files</Filter>
    </ClInclude>
    <ClInclude Include="..\..\track_plus_core\track_plus\dirent.h">
      <Filter>Header Files</Filter>
    </ClInclude>
    <ClInclude Include="..\..\track_plus_core\track_plus\foreground_extractor_new.h">
      <Filter>Header Files</Filter>
    </ClInclude>
    <ClInclude Include="..\..\track_plus_core\track_plus\globals.h">
      <Filter>Header Files</Filter>
    </ClInclude>
    <ClInclude Include="..\..\track_plus_core\track_plus\hand_resolver.h">
      <Filter>Header Files</Filter>
    </ClInclude>
    <ClInclude Include="..\..\track_plus_core\track_plus\hand_splitter_new.h">
      <Filter>Header Files</Filter>
    </ClInclude>
    <ClInclude Include="..\..\track_plus_core\track_plus\histogram_builder.h">
      <Filter>Header Files</Filter>
    </ClInclude>
    <ClInclude Include="..\..\track_plus_core\track_plus\hungarian.h">
      <Filter>Header Files</Filter>
    </ClInclude>
    <ClInclude Include="..\..\track_plus_core\track_plus\kalman.h">
      <Filter>Header Files</Filter>
    </ClInclude>
    <ClInclude Include="..\..\track_plus_core\track_plus\lmcurve.h">
      <Filter>Header Files</Filter>
    </ClInclude>
    <ClInclude Include="..\..\track_plus_core\track_plus\lmmin.h">
      <Filter>Header Files</Filter>
    </ClInclude>
    <ClInclude Include="..\..\track_plus_core\track_plus\lmstruct.h">
      <Filter>Header Files</Filter>
    </ClInclude>
    <ClInclude Include="..\..\track_plus_core\track_plus\low_pass_filter.h">
      <Filter>Header Files</Filter>
    </ClInclude>
    <ClInclude Include="..\..\track_plus_core\track_plus\mat_functions.h">
      <Filter>Header Files</Filter>
    </ClInclude>
    <ClInclude Include="..\..\track_plus_core\track_plus\math_plus.h">
      <Filter>Header Files</Filter>
    </ClInclude>
    <ClInclude Include="..\..\track_plus_core\track_plus\mono_processor_new.h">
      <Filter>Header Files</Filter>
    </ClInclude>
    <ClInclude Include="..\..\track_plus_core\track_plus\motion_processor_new.h">
      <Filter>Header Files</Filter>
    </ClInclude>
    <ClInclude Include="..\..\track_plus_core\track_plus\permutation.h">
      <Filter>Header Files</Filter>
    </ClInclude>
    <ClInclude Include="..\..\track_plus_core\track_plus\pointer_mapper.h">
      <Filter>Header Files</Filter>
    </ClInclude>
    <ClInclude Include="..\..\track_plus_core\track_plus\pose_estimator.h">
      <Filter>Header Files</Filter>
    </ClInclude>
    <ClInclude Include="..\..\track_plus_core\track_plus\reprojector.h">
      <Filter>Header Files</Filter>
    </ClInclude>
    <ClInclude Include="C:\External Storage\Dropbox\projects\touch_plus_source_code\track_plus_core\track_plus\imu.h">
      <Filter>Header Files</Filter>
    </ClInclude>
    <ClInclude Include="..\..\track_plus_core\track_plus\overlapping_blob_pair.h">
      <Filter>Header Files</Filter>
    </ClInclude>
    <ClInclude Include="..\..\track_plus_core\track_plus\point_resolver.h">
      <Filter>Header Files</Filter>
    </ClInclude>
    <ClInclude Include="..\..\track_plus_core\track_plus\surface_computer.h">
      <Filter>Source Files</Filter>
    </ClInclude>
    <ClInclude Include="..\..\track_plus_core\track_plus\dtw.h">
      <Filter>Header Files</Filter>
    </ClInclude>
    <ClInclude Include="..\..\track_plus_core\track_plus\value_accumulator.h">
      <Filter>Header Files</Filter>
    </ClInclude>
    <ClInclude Include="..\..\track_plus_core\track_plus\jpeg_decompressor.h">
      <Filter>Header Files</Filter>
    </ClInclude>
    <ClInclude Include="..\..\track_plus_core\track_plus\rectifier.h">
      <Filter>Header Files</Filter>
    </ClInclude>
    <ClInclude Include="..\..\track_plus_core\daemon_plus\filesystem.h">
      <Filter>Header Files</Filter>
    </ClInclude>
    <ClInclude Include="..\..\track_plus_core\daemon_plus\processes.h">
      <Filter>Header Files</Filter>
    </ClInclude>
    <ClInclude Include="..\..\track_plus_core\daemon_plus\string_functions.h">
      <Filter>Header Files</Filter>
    </ClInclude>
    <ClInclude Include="..\..\track_plus_core\daemon_plus\udp.h">
      <Filter>Header Files</Filter>
    </ClInclude>
    <ClInclude Include="..\..\track_plus_core\daemon_plus\ipc.h">
      <Filter>Header Files</Filter>
    </ClInclude>
    <ClInclude Include="..\..\track_plus_core\daemon_plus\console_log.h">
      <Filter>Header Files</Filter>
    </ClInclude>
    <ClInclude Include="..\..\track_plus_core\track_plus\stereo_processor_dtw.h">
      <Filter>Header Files</Filter>
    </ClInclude>
    <ClInclude Include="..\..\track_plus_core\track_plus\stereo_processor_permutation.h">
      <Filter>Header Files</Filter>
    </ClInclude>
    <ClInclude Include="..\..\track_plus_core\track_plus\stereo_processor.h">
      <Filter>Header Files</Filter>
    </ClInclude>
    <ClInclude Include="..\..\track_plus_core\track_plus\plane.h">
      <Filter>Header Files</Filter>
    </ClInclude>
    <ClInclude Include="..\..\track_plus_core\track_plus\ray.h">
      <Filter>Header Files</Filter>
    </ClInclude>
    <ClInclude Include="..\..\track_plus_core\track_plus\camera.h">
      <Filter>Header Files</Filter>
    </ClInclude>
    <ClInclude Include="..\..\track_plus_core\track_plus\camerads.h">
      <Filter>Header Files</Filter>
    </ClInclude>
    <ClInclude Include="..\..\track_plus_core\track_plus\temporal_processor.h">
      <Filter>Header Files</Filter>
    </ClInclude>
  </ItemGroup>
  <ItemGroup>
    <ClCompile Include="..\..\track_plus_core\track_plus\thinning_computer_new.cpp">
      <Filter>Source Files</Filter>
    </ClCompile>
    <ClCompile Include="..\..\track_plus_core\track_plus\value_store.cpp">
      <Filter>Source Files</Filter>
    </ClCompile>
    <ClCompile Include="..\..\track_plus_core\track_plus\warper.cpp">
      <Filter>Source Files</Filter>
    </ClCompile>
    <ClCompile Include="..\..\track_plus_core\track_plus\blob_detector_new.cpp">
      <Filter>Source Files</Filter>
    </ClCompile>
    <ClCompile Include="..\..\track_plus_core\track_plus\blob_new.cpp">
      <Filter>Source Files</Filter>
    </ClCompile>
    <ClCompile Include="..\..\track_plus_core\track_plus\c_tracker.cpp">
      <Filter>Source Files</Filter>
    </ClCompile>
    <ClCompile Include="..\..\track_plus_core\track_plus\camera_initializer_new.cpp">
      <Filter>Source Files</Filter>
    </ClCompile>
    <ClCompile Include="..\..\track_plus_core\track_plus\contour_functions.cpp">
      <Filter>Source Files</Filter>
    </ClCompile>
    <ClCompile Include="..\..\track_plus_core\track_plus\curve_fitting.cpp">
      <Filter>Source Files</Filter>
    </ClCompile>
    <ClCompile Include="..\..\track_plus_core\track_plus\exponential.cpp">
      <Filter>Source Files</Filter>
    </ClCompile>
    <ClCompile Include="..\..\track_plus_core\track_plus\foreground_extractor_new.cpp">
      <Filter>Source Files</Filter>
    </ClCompile>
    <ClCompile Include="..\..\track_plus_core\track_plus\globals.cpp">
      <Filter>Source Files</Filter>
    </ClCompile>
    <ClCompile Include="..\..\track_plus_core\track_plus\hand_resolver.cpp">
      <Filter>Source Files</Filter>
    </ClCompile>
    <ClCompile Include="..\..\track_plus_core\track_plus\hand_splitter_new.cpp">
      <Filter>Source Files</Filter>
    </ClCompile>
    <ClCompile Include="..\..\track_plus_core\track_plus\histogram_builder.cpp">
      <Filter>Source Files</Filter>
    </ClCompile>
    <ClCompile Include="..\..\track_plus_core\track_plus\hungarian.cpp">
      <Filter>Source Files</Filter>
    </ClCompile>
    <ClCompile Include="..\..\track_plus_core\track_plus\kalman.cpp">
      <Filter>Source Files</Filter>
    </ClCompile>
    <ClCompile Include="..\..\track_plus_core\track_plus\lmcurve.c">
      <Filter>Source Files</Filter>
    </ClCompile>
    <ClCompile Include="..\..\track_plus_core\track_plus\low_pass_filter.cpp">
      <Filter>Source Files</Filter>
    </ClCompile>
    <ClCompile Include="..\..\track_plus_core\track_plus\main.cpp">
      <Filter>Source Files</Filter>
    </ClCompile>
    <ClCompile Include="..\..\track_plus_core\track_plus\mat_functions.cpp">
      <Filter>Source Files</Filter>
    </ClCompile>
    <ClCompile Include="..\..\track_plus_core\track_plus\math_plus.cpp">
      <Filter>Source Files</Filter>
    </ClCompile>
    <ClCompile Include="..\..\track_plus_core\track_plus\mono_processor_new.cpp">
      <Filter>Source Files</Filter>
    </ClCompile>
    <ClCompile Include="..\..\track_plus_core\track_plus\motion_processor_new.cpp">
      <Filter>Source Files</Filter>
    </ClCompile>
    <ClCompile Include="..\..\track_plus_core\track_plus\permutation.cpp">
      <Filter>Source Files</Filter>
    </ClCompile>
    <ClCompile Include="..\..\track_plus_core\track_plus\pointer_mapper.cpp">
      <Filter>Source Files</Filter>
    </ClCompile>
    <ClCompile Include="..\..\track_plus_core\track_plus\pose_estimator.cpp">
      <Filter>Source Files</Filter>
    </ClCompile>
    <ClCompile Include="..\..\track_plus_core\track_plus\quadratic.cpp">
      <Filter>Source Files</Filter>
    </ClCompile>
    <ClCompile Include="..\..\track_plus_core\track_plus\reprojector.cpp">
      <Filter>Source Files</Filter>
    </ClCompile>
    <ClCompile Include="..\..\track_plus_core\track_plus\point_resolver.cpp">
      <Filter>Source Files</Filter>
    </ClCompile>
    <ClCompile Include="..\..\track_plus_core\track_plus\lmmin.c">
      <Filter>Source Files</Filter>
    </ClCompile>
    <ClCompile Include="..\..\track_plus_core\track_plus\imu.cpp">
      <Filter>Source Files</Filter>
    </ClCompile>
    <ClCompile Include="..\..\track_plus_core\track_plus\surface_computer.cpp">
      <Filter>Source Files</Filter>
    </ClCompile>
    <ClCompile Include="..\..\track_plus_core\track_plus\dtw.cpp">
      <Filter>Source Files</Filter>
    </ClCompile>
    <ClCompile Include="..\..\track_plus_core\track_plus\value_accumulator.cpp">
      <Filter>Source Files</Filter>
    </ClCompile>
    <ClCompile Include="..\..\track_plus_core\track_plus\jpeg_decompressor.cpp">
      <Filter>Source Files</Filter>
    </ClCompile>
    <ClCompile Include="..\..\track_plus_core\track_plus\rectifier.cpp">
      <Filter>Source Files</Filter>
    </ClCompile>
    <ClCompile Include="..\..\track_plus_core\daemon_plus\filesystem.cpp">
      <Filter>Source Files</Filter>
    </ClCompile>
    <ClCompile Include="..\..\track_plus_core\daemon_plus\ipc.cpp">
      <Filter>Source Files</Filter>
    </ClCompile>
    <ClCompile Include="..\..\track_plus_core\daemon_plus\processes.cpp">
      <Filter>Source Files</Filter>
    </ClCompile>
    <ClCompile Include="..\..\track_plus_core\daemon_plus\string_functions.cpp">
      <Filter>Source Files</Filter>
    </ClCompile>
    <ClCompile Include="..\..\track_plus_core\daemon_plus\udp.cpp">
      <Filter>Source Files</Filter>
    </ClCompile>
    <ClCompile Include="..\..\track_plus_core\daemon_plus\console_log.cpp">
      <Filter>Source Files</Filter>
    </ClCompile>
    <ClCompile Include="..\..\track_plus_core\track_plus\stereo_processor_dtw.cpp">
      <Filter>Source Files</Filter>
    </ClCompile>
    <ClCompile Include="..\..\track_plus_core\track_plus\stereo_processor_permutation.cpp">
      <Filter>Source Files</Filter>
    </ClCompile>
    <ClCompile Include="..\..\track_plus_core\track_plus\stereo_processor.cpp">
      <Filter>Source Files</Filter>
    </ClCompile>
    <ClCompile Include="..\..\track_plus_core\track_plus\plane.cpp">
      <Filter>Source Files</Filter>
    </ClCompile>
    <ClCompile Include="..\..\track_plus_core\track_plus\ray.cpp">
      <Filter>Source Files</Filter>
    </ClCompile>
    <ClCompile Include="..\..\track_plus_core\track_plus\camera.cpp">
      <Filter>Source Files</Filter>
    </ClCompile>
    <ClCompile Include="..\..\track_plus_core\track_plus\camerads.cpp">
      <Filter>Source Files</Filter>
    </ClCompile>
    <ClCompile Include="..\..\track_plus_core\track_plus\temporal_processor.cpp">
      <Filter>Source Files</Filter>
    </ClCompile>
  </ItemGroup>
</Project>