// !$*UTF8*$!
{
	archiveVersion = 1;
	classes = {
	};
	objectVersion = 46;
	objects = {

/* Begin PBXBuildFile section */
		2B7FE4AC1B761DA90069CFD1 /* libsfml-network.2.3.1.dylib in Frameworks */ = {isa = PBXBuildFile; fileRef = 2BAB632F1B74554100202DAA /* libsfml-network.2.3.1.dylib */; };
		2B7FE50D1B761DC30069CFD1 /* blob_detector_new.cpp in Sources */ = {isa = PBXBuildFile; fileRef = 2B7FE4AD1B761DC30069CFD1 /* blob_detector_new.cpp */; };
		2B7FE50E1B761DC30069CFD1 /* blob_new.cpp in Sources */ = {isa = PBXBuildFile; fileRef = 2B7FE4AF1B761DC30069CFD1 /* blob_new.cpp */; };
		2B7FE5101B761DC30069CFD1 /* camera_initializer_new.cpp in Sources */ = {isa = PBXBuildFile; fileRef = 2B7FE4B31B761DC30069CFD1 /* camera_initializer_new.cpp */; };
		2B7FE5111B761DC30069CFD1 /* Camera.cpp in Sources */ = {isa = PBXBuildFile; fileRef = 2B7FE4B51B761DC30069CFD1 /* Camera.cpp */; };
		2B7FE5131B761DC30069CFD1 /* contour_functions.cpp in Sources */ = {isa = PBXBuildFile; fileRef = 2B7FE4BA1B761DC30069CFD1 /* contour_functions.cpp */; };
		2B7FE5141B761DC30069CFD1 /* curve_fitting.cpp in Sources */ = {isa = PBXBuildFile; fileRef = 2B7FE4BC1B761DC30069CFD1 /* curve_fitting.cpp */; };
		2B7FE5151B761DC30069CFD1 /* exponential.cpp in Sources */ = {isa = PBXBuildFile; fileRef = 2B7FE4BE1B761DC30069CFD1 /* exponential.cpp */; };
		2B7FE5161B761DC30069CFD1 /* filesystem.cpp in Sources */ = {isa = PBXBuildFile; fileRef = 2B7FE4BF1B761DC30069CFD1 /* filesystem.cpp */; };
		2B7FE5171B761DC30069CFD1 /* foreground_extractor_new.cpp in Sources */ = {isa = PBXBuildFile; fileRef = 2B7FE4C11B761DC30069CFD1 /* foreground_extractor_new.cpp */; };
		2B7FE5181B761DC30069CFD1 /* globals.cpp in Sources */ = {isa = PBXBuildFile; fileRef = 2B7FE4C31B761DC30069CFD1 /* globals.cpp */; };
		2B7FE5191B761DC30069CFD1 /* hand_resolver.cpp in Sources */ = {isa = PBXBuildFile; fileRef = 2B7FE4C51B761DC30069CFD1 /* hand_resolver.cpp */; };
		2B7FE51A1B761DC30069CFD1 /* hand_splitter_new.cpp in Sources */ = {isa = PBXBuildFile; fileRef = 2B7FE4C71B761DC30069CFD1 /* hand_splitter_new.cpp */; };
		2B7FE51B1B761DC30069CFD1 /* histogram_builder.cpp in Sources */ = {isa = PBXBuildFile; fileRef = 2B7FE4C91B761DC30069CFD1 /* histogram_builder.cpp */; };
		2B7FE51D1B761DC30069CFD1 /* imu.cpp in Sources */ = {isa = PBXBuildFile; fileRef = 2B7FE4CE1B761DC30069CFD1 /* imu.cpp */; };
		2B7FE51E1B761DC30069CFD1 /* ipc.cpp in Sources */ = {isa = PBXBuildFile; fileRef = 2B7FE4D01B761DC30069CFD1 /* ipc.cpp */; };
		2B7FE51F1B761DC30069CFD1 /* kalman.cpp in Sources */ = {isa = PBXBuildFile; fileRef = 2B7FE4D21B761DC30069CFD1 /* kalman.cpp */; };
		2B7FE5201B761DC30069CFD1 /* lmcurve.c in Sources */ = {isa = PBXBuildFile; fileRef = 2B7FE4D41B761DC30069CFD1 /* lmcurve.c */; };
		2B7FE5211B761DC30069CFD1 /* lmmin.c in Sources */ = {isa = PBXBuildFile; fileRef = 2B7FE4D61B761DC30069CFD1 /* lmmin.c */; };
		2B7FE5221B761DC30069CFD1 /* low_pass_filter.cpp in Sources */ = {isa = PBXBuildFile; fileRef = 2B7FE4D91B761DC30069CFD1 /* low_pass_filter.cpp */; };
		2B7FE5231B761DC30069CFD1 /* main.cpp in Sources */ = {isa = PBXBuildFile; fileRef = 2B7FE4DB1B761DC30069CFD1 /* main.cpp */; };
		2B7FE5241B761DC30069CFD1 /* mat_functions.cpp in Sources */ = {isa = PBXBuildFile; fileRef = 2B7FE4DC1B761DC30069CFD1 /* mat_functions.cpp */; };
		2B7FE5251B761DC30069CFD1 /* math_plus.cpp in Sources */ = {isa = PBXBuildFile; fileRef = 2B7FE4DE1B761DC30069CFD1 /* math_plus.cpp */; };
		2B7FE5261B761DC30069CFD1 /* mono_processor_new.cpp in Sources */ = {isa = PBXBuildFile; fileRef = 2B7FE4E01B761DC30069CFD1 /* mono_processor_new.cpp */; };
		2B7FE5271B761DC30069CFD1 /* motion_processor_new.cpp in Sources */ = {isa = PBXBuildFile; fileRef = 2B7FE4E21B761DC30069CFD1 /* motion_processor_new.cpp */; };
		2B7FE5281B761DC30069CFD1 /* permutation.cpp in Sources */ = {isa = PBXBuildFile; fileRef = 2B7FE4E51B761DC30069CFD1 /* permutation.cpp */; };
		2B7FE5291B761DC30069CFD1 /* Plane.cpp in Sources */ = {isa = PBXBuildFile; fileRef = 2B7FE4E71B761DC30069CFD1 /* Plane.cpp */; };
		2B7FE52B1B761DC30069CFD1 /* pointer_mapper.cpp in Sources */ = {isa = PBXBuildFile; fileRef = 2B7FE4EC1B761DC30069CFD1 /* pointer_mapper.cpp */; };
		2B7FE52C1B761DC30069CFD1 /* pose_estimator.cpp in Sources */ = {isa = PBXBuildFile; fileRef = 2B7FE4EE1B761DC30069CFD1 /* pose_estimator.cpp */; };
		2B7FE52D1B761DC30069CFD1 /* processes.cpp in Sources */ = {isa = PBXBuildFile; fileRef = 2B7FE4F01B761DC30069CFD1 /* processes.cpp */; };
		2B7FE52E1B761DC30069CFD1 /* quadratic.cpp in Sources */ = {isa = PBXBuildFile; fileRef = 2B7FE4F21B761DC30069CFD1 /* quadratic.cpp */; };
		2B7FE52F1B761DC30069CFD1 /* RactivJPEGDecompressor.cpp in Sources */ = {isa = PBXBuildFile; fileRef = 2B7FE4F31B761DC30069CFD1 /* RactivJPEGDecompressor.cpp */; };
		2B7FE5301B761DC30069CFD1 /* Ray.cpp in Sources */ = {isa = PBXBuildFile; fileRef = 2B7FE4F51B761DC30069CFD1 /* Ray.cpp */; };
		2B7FE5311B761DC30069CFD1 /* reprojector.cpp in Sources */ = {isa = PBXBuildFile; fileRef = 2B7FE4F71B761DC30069CFD1 /* reprojector.cpp */; };
		2B7FE5321B761DC30069CFD1 /* stereo_processor.cpp in Sources */ = {isa = PBXBuildFile; fileRef = 2B7FE4F91B761DC30069CFD1 /* stereo_processor.cpp */; };
		2B7FE5331B761DC30069CFD1 /* string_functions.cpp in Sources */ = {isa = PBXBuildFile; fileRef = 2B7FE4FB1B761DC30069CFD1 /* string_functions.cpp */; };
		2B7FE5341B761DC30069CFD1 /* thinning_computer_new.cpp in Sources */ = {isa = PBXBuildFile; fileRef = 2B7FE4FD1B761DC30069CFD1 /* thinning_computer_new.cpp */; };
		2B7FE5351B761DC30069CFD1 /* tool_mono_processor.cpp in Sources */ = {isa = PBXBuildFile; fileRef = 2B7FE4FF1B761DC30069CFD1 /* tool_mono_processor.cpp */; };
		2B7FE5361B761DC30069CFD1 /* tool_pointer_mapper.cpp in Sources */ = {isa = PBXBuildFile; fileRef = 2B7FE5011B761DC30069CFD1 /* tool_pointer_mapper.cpp */; };
		2B7FE5371B761DC30069CFD1 /* tool_resolver.cpp in Sources */ = {isa = PBXBuildFile; fileRef = 2B7FE5031B761DC30069CFD1 /* tool_resolver.cpp */; };
		2B7FE5381B761DC30069CFD1 /* tool_stereo_processor.cpp in Sources */ = {isa = PBXBuildFile; fileRef = 2B7FE5051B761DC30069CFD1 /* tool_stereo_processor.cpp */; };
		2B7FE5391B761DC30069CFD1 /* udp.cpp in Sources */ = {isa = PBXBuildFile; fileRef = 2B7FE5071B761DC30069CFD1 /* udp.cpp */; };
		2B7FE53A1B761DC30069CFD1 /* value_store.cpp in Sources */ = {isa = PBXBuildFile; fileRef = 2B7FE5091B761DC30069CFD1 /* value_store.cpp */; };
		2B7FE53B1B761DC30069CFD1 /* warper.cpp in Sources */ = {isa = PBXBuildFile; fileRef = 2B7FE50B1B761DC30069CFD1 /* warper.cpp */; };
		2BAB62FF1B74551B00202DAA /* libopencv_calib3d.3.0.0.dylib in Frameworks */ = {isa = PBXBuildFile; fileRef = 2BAB62CF1B74551A00202DAA /* libopencv_calib3d.3.0.0.dylib */; };
		2BAB63021B74551B00202DAA /* libopencv_core.3.0.0.dylib in Frameworks */ = {isa = PBXBuildFile; fileRef = 2BAB62D21B74551A00202DAA /* libopencv_core.3.0.0.dylib */; };
		2BAB630B1B74551B00202DAA /* libopencv_highgui.3.0.0.dylib in Frameworks */ = {isa = PBXBuildFile; fileRef = 2BAB62DB1B74551A00202DAA /* libopencv_highgui.3.0.0.dylib */; };
		2BAB63111B74551B00202DAA /* libopencv_imgproc.3.0.0.dylib in Frameworks */ = {isa = PBXBuildFile; fileRef = 2BAB62E11B74551A00202DAA /* libopencv_imgproc.3.0.0.dylib */; };
		2BAB63321B74554100202DAA /* libsfml-network.2.3.1.dylib in Frameworks */ = {isa = PBXBuildFile; fileRef = 2BAB632F1B74554100202DAA /* libsfml-network.2.3.1.dylib */; };
		2BAB63381B74557300202DAA /* libusb-1.0.0.dylib in Frameworks */ = {isa = PBXBuildFile; fileRef = 2BAB63371B74557300202DAA /* libusb-1.0.0.dylib */; };
		2BAB633A1B74558200202DAA /* libuvc.dylib in Frameworks */ = {isa = PBXBuildFile; fileRef = 2BAB63391B74558200202DAA /* libuvc.dylib */; };
		2BAB633C1B74564500202DAA /* libopencv_video.3.0.0.dylib in Frameworks */ = {isa = PBXBuildFile; fileRef = 2BAB633B1B74564400202DAA /* libopencv_video.3.0.0.dylib */; };
		2BAB633E1B74568300202DAA /* libopencv_imgcodecs.3.0.0.dylib in Frameworks */ = {isa = PBXBuildFile; fileRef = 2BAB633D1B74568300202DAA /* libopencv_imgcodecs.3.0.0.dylib */; };
		2BAB634E1B745D2400202DAA /* filesystem.cpp in Sources */ = {isa = PBXBuildFile; fileRef = 2BAB63401B745D2300202DAA /* filesystem.cpp */; };
		2BAB634F1B745D2400202DAA /* globals.cpp in Sources */ = {isa = PBXBuildFile; fileRef = 2BAB63421B745D2300202DAA /* globals.cpp */; };
		2BAB63501B745D2400202DAA /* ipc.cpp in Sources */ = {isa = PBXBuildFile; fileRef = 2BAB63441B745D2300202DAA /* ipc.cpp */; };
		2BAB63511B745D2400202DAA /* main.cpp in Sources */ = {isa = PBXBuildFile; fileRef = 2BAB63461B745D2400202DAA /* main.cpp */; };
		2BAB63521B745D2400202DAA /* processes.cpp in Sources */ = {isa = PBXBuildFile; fileRef = 2BAB63471B745D2400202DAA /* processes.cpp */; };
		2BAB63531B745D2400202DAA /* string_functions.cpp in Sources */ = {isa = PBXBuildFile; fileRef = 2BAB634A1B745D2400202DAA /* string_functions.cpp */; };
		2BAB63541B745D2400202DAA /* udp.cpp in Sources */ = {isa = PBXBuildFile; fileRef = 2BAB634C1B745D2400202DAA /* udp.cpp */; };
/* End PBXBuildFile section */

/* Begin PBXCopyFilesBuildPhase section */
		2B6B39731B73BE8C004FF61D /* Copy Files */ = {
			isa = PBXCopyFilesBuildPhase;
			buildActionMask = 2147483647;
			dstPath = /usr/share/man/man1/;
			dstSubfolderSpec = 0;
			files = (
			);
			name = "Copy Files";
			runOnlyForDeploymentPostprocessing = 1;
		};
		2B6B39811B73BEBF004FF61D /* CopyFiles */ = {
			isa = PBXCopyFilesBuildPhase;
			buildActionMask = 2147483647;
			dstPath = /usr/share/man/man1/;
			dstSubfolderSpec = 0;
			files = (
			);
			runOnlyForDeploymentPostprocessing = 1;
		};
/* End PBXCopyFilesBuildPhase section */

/* Begin PBXFileReference section */
		2B6B39751B73BE8C004FF61D /* track_plus */ = {isa = PBXFileReference; explicitFileType = "compiled.mach-o.executable"; includeInIndex = 0; path = track_plus; sourceTree = BUILT_PRODUCTS_DIR; };
		2B6B39831B73BEBF004FF61D /* daemon_plus */ = {isa = PBXFileReference; explicitFileType = "compiled.mach-o.executable"; includeInIndex = 0; path = daemon_plus; sourceTree = BUILT_PRODUCTS_DIR; };
		2B7FE4AA1B761D880069CFD1 /* libsfml-network.dylib */ = {isa = PBXFileReference; lastKnownFileType = "compiled.mach-o.dylib"; name = "libsfml-network.dylib"; path = "../dependencies/OSX/SFML/lib/libsfml-network.dylib"; sourceTree = "<group>"; };
		2B7FE4AD1B761DC30069CFD1 /* blob_detector_new.cpp */ = {isa = PBXFileReference; fileEncoding = 4; lastKnownFileType = sourcecode.cpp.cpp; name = blob_detector_new.cpp; path = ../../track_plus_core/track_plus/blob_detector_new.cpp; sourceTree = "<group>"; };
		2B7FE4AE1B761DC30069CFD1 /* blob_detector_new.h */ = {isa = PBXFileReference; fileEncoding = 4; lastKnownFileType = sourcecode.c.h; name = blob_detector_new.h; path = ../../track_plus_core/track_plus/blob_detector_new.h; sourceTree = "<group>"; };
		2B7FE4AF1B761DC30069CFD1 /* blob_new.cpp */ = {isa = PBXFileReference; fileEncoding = 4; lastKnownFileType = sourcecode.cpp.cpp; name = blob_new.cpp; path = ../../track_plus_core/track_plus/blob_new.cpp; sourceTree = "<group>"; };
		2B7FE4B01B761DC30069CFD1 /* blob_new.h */ = {isa = PBXFileReference; fileEncoding = 4; lastKnownFileType = sourcecode.c.h; name = blob_new.h; path = ../../track_plus_core/track_plus/blob_new.h; sourceTree = "<group>"; };
		2B7FE4B31B761DC30069CFD1 /* camera_initializer_new.cpp */ = {isa = PBXFileReference; fileEncoding = 4; lastKnownFileType = sourcecode.cpp.cpp; name = camera_initializer_new.cpp; path = ../../track_plus_core/track_plus/camera_initializer_new.cpp; sourceTree = "<group>"; };
		2B7FE4B41B761DC30069CFD1 /* camera_initializer_new.h */ = {isa = PBXFileReference; fileEncoding = 4; lastKnownFileType = sourcecode.c.h; name = camera_initializer_new.h; path = ../../track_plus_core/track_plus/camera_initializer_new.h; sourceTree = "<group>"; };
		2B7FE4B51B761DC30069CFD1 /* Camera.cpp */ = {isa = PBXFileReference; fileEncoding = 4; lastKnownFileType = sourcecode.cpp.cpp; name = Camera.cpp; path = ../../track_plus_core/track_plus/Camera.cpp; sourceTree = "<group>"; };
		2B7FE4B61B761DC30069CFD1 /* Camera.h */ = {isa = PBXFileReference; fileEncoding = 4; lastKnownFileType = sourcecode.c.h; name = Camera.h; path = ../../track_plus_core/track_plus/Camera.h; sourceTree = "<group>"; };
		2B7FE4B91B761DC30069CFD1 /* compare_structs.h */ = {isa = PBXFileReference; fileEncoding = 4; lastKnownFileType = sourcecode.c.h; name = compare_structs.h; path = ../../track_plus_core/track_plus/compare_structs.h; sourceTree = "<group>"; };
		2B7FE4BA1B761DC30069CFD1 /* contour_functions.cpp */ = {isa = PBXFileReference; fileEncoding = 4; lastKnownFileType = sourcecode.cpp.cpp; name = contour_functions.cpp; path = ../../track_plus_core/track_plus/contour_functions.cpp; sourceTree = "<group>"; };
		2B7FE4BB1B761DC30069CFD1 /* contour_functions.h */ = {isa = PBXFileReference; fileEncoding = 4; lastKnownFileType = sourcecode.c.h; name = contour_functions.h; path = ../../track_plus_core/track_plus/contour_functions.h; sourceTree = "<group>"; };
		2B7FE4BC1B761DC30069CFD1 /* curve_fitting.cpp */ = {isa = PBXFileReference; fileEncoding = 4; lastKnownFileType = sourcecode.cpp.cpp; name = curve_fitting.cpp; path = ../../track_plus_core/track_plus/curve_fitting.cpp; sourceTree = "<group>"; };
		2B7FE4BD1B761DC30069CFD1 /* curve_fitting.h */ = {isa = PBXFileReference; fileEncoding = 4; lastKnownFileType = sourcecode.c.h; name = curve_fitting.h; path = ../../track_plus_core/track_plus/curve_fitting.h; sourceTree = "<group>"; };
		2B7FE4BE1B761DC30069CFD1 /* exponential.cpp */ = {isa = PBXFileReference; fileEncoding = 4; lastKnownFileType = sourcecode.cpp.cpp; name = exponential.cpp; path = ../../track_plus_core/track_plus/exponential.cpp; sourceTree = "<group>"; };
		2B7FE4BF1B761DC30069CFD1 /* filesystem.cpp */ = {isa = PBXFileReference; fileEncoding = 4; lastKnownFileType = sourcecode.cpp.cpp; name = filesystem.cpp; path = ../../track_plus_core/track_plus/filesystem.cpp; sourceTree = "<group>"; };
		2B7FE4C01B761DC30069CFD1 /* filesystem.h */ = {isa = PBXFileReference; fileEncoding = 4; lastKnownFileType = sourcecode.c.h; name = filesystem.h; path = ../../track_plus_core/track_plus/filesystem.h; sourceTree = "<group>"; };
		2B7FE4C11B761DC30069CFD1 /* foreground_extractor_new.cpp */ = {isa = PBXFileReference; fileEncoding = 4; lastKnownFileType = sourcecode.cpp.cpp; name = foreground_extractor_new.cpp; path = ../../track_plus_core/track_plus/foreground_extractor_new.cpp; sourceTree = "<group>"; };
		2B7FE4C21B761DC30069CFD1 /* foreground_extractor_new.h */ = {isa = PBXFileReference; fileEncoding = 4; lastKnownFileType = sourcecode.c.h; name = foreground_extractor_new.h; path = ../../track_plus_core/track_plus/foreground_extractor_new.h; sourceTree = "<group>"; };
		2B7FE4C31B761DC30069CFD1 /* globals.cpp */ = {isa = PBXFileReference; fileEncoding = 4; lastKnownFileType = sourcecode.cpp.cpp; name = globals.cpp; path = ../../track_plus_core/track_plus/globals.cpp; sourceTree = "<group>"; };
		2B7FE4C41B761DC30069CFD1 /* globals.h */ = {isa = PBXFileReference; fileEncoding = 4; lastKnownFileType = sourcecode.c.h; name = globals.h; path = ../../track_plus_core/track_plus/globals.h; sourceTree = "<group>"; };
		2B7FE4C51B761DC30069CFD1 /* hand_resolver.cpp */ = {isa = PBXFileReference; fileEncoding = 4; lastKnownFileType = sourcecode.cpp.cpp; name = hand_resolver.cpp; path = ../../track_plus_core/track_plus/hand_resolver.cpp; sourceTree = "<group>"; };
		2B7FE4C61B761DC30069CFD1 /* hand_resolver.h */ = {isa = PBXFileReference; fileEncoding = 4; lastKnownFileType = sourcecode.c.h; name = hand_resolver.h; path = ../../track_plus_core/track_plus/hand_resolver.h; sourceTree = "<group>"; };
		2B7FE4C71B761DC30069CFD1 /* hand_splitter_new.cpp */ = {isa = PBXFileReference; fileEncoding = 4; lastKnownFileType = sourcecode.cpp.cpp; name = hand_splitter_new.cpp; path = ../../track_plus_core/track_plus/hand_splitter_new.cpp; sourceTree = "<group>"; };
		2B7FE4C81B761DC30069CFD1 /* hand_splitter_new.h */ = {isa = PBXFileReference; fileEncoding = 4; lastKnownFileType = sourcecode.c.h; name = hand_splitter_new.h; path = ../../track_plus_core/track_plus/hand_splitter_new.h; sourceTree = "<group>"; };
		2B7FE4C91B761DC30069CFD1 /* histogram_builder.cpp */ = {isa = PBXFileReference; fileEncoding = 4; lastKnownFileType = sourcecode.cpp.cpp; name = histogram_builder.cpp; path = ../../track_plus_core/track_plus/histogram_builder.cpp; sourceTree = "<group>"; };
		2B7FE4CA1B761DC30069CFD1 /* histogram_builder.h */ = {isa = PBXFileReference; fileEncoding = 4; lastKnownFileType = sourcecode.c.h; name = histogram_builder.h; path = ../../track_plus_core/track_plus/histogram_builder.h; sourceTree = "<group>"; };
		2B7FE4CD1B761DC30069CFD1 /* id_point.h */ = {isa = PBXFileReference; fileEncoding = 4; lastKnownFileType = sourcecode.c.h; name = id_point.h; path = ../../track_plus_core/track_plus/id_point.h; sourceTree = "<group>"; };
		2B7FE4CE1B761DC30069CFD1 /* imu.cpp */ = {isa = PBXFileReference; fileEncoding = 4; lastKnownFileType = sourcecode.cpp.cpp; name = imu.cpp; path = ../../track_plus_core/track_plus/imu.cpp; sourceTree = "<group>"; };
		2B7FE4CF1B761DC30069CFD1 /* imu.h */ = {isa = PBXFileReference; fileEncoding = 4; lastKnownFileType = sourcecode.c.h; name = imu.h; path = ../../track_plus_core/track_plus/imu.h; sourceTree = "<group>"; };
		2B7FE4D01B761DC30069CFD1 /* ipc.cpp */ = {isa = PBXFileReference; fileEncoding = 4; lastKnownFileType = sourcecode.cpp.cpp; name = ipc.cpp; path = ../../track_plus_core/track_plus/ipc.cpp; sourceTree = "<group>"; };
		2B7FE4D11B761DC30069CFD1 /* ipc.h */ = {isa = PBXFileReference; fileEncoding = 4; lastKnownFileType = sourcecode.c.h; name = ipc.h; path = ../../track_plus_core/track_plus/ipc.h; sourceTree = "<group>"; };
		2B7FE4D21B761DC30069CFD1 /* kalman.cpp */ = {isa = PBXFileReference; fileEncoding = 4; lastKnownFileType = sourcecode.cpp.cpp; name = kalman.cpp; path = ../../track_plus_core/track_plus/kalman.cpp; sourceTree = "<group>"; };
		2B7FE4D31B761DC30069CFD1 /* kalman.h */ = {isa = PBXFileReference; fileEncoding = 4; lastKnownFileType = sourcecode.c.h; name = kalman.h; path = ../../track_plus_core/track_plus/kalman.h; sourceTree = "<group>"; };
		2B7FE4D41B761DC30069CFD1 /* lmcurve.c */ = {isa = PBXFileReference; fileEncoding = 4; lastKnownFileType = sourcecode.c.c; name = lmcurve.c; path = ../../track_plus_core/track_plus/lmcurve.c; sourceTree = "<group>"; };
		2B7FE4D51B761DC30069CFD1 /* lmcurve.h */ = {isa = PBXFileReference; fileEncoding = 4; lastKnownFileType = sourcecode.c.h; name = lmcurve.h; path = ../../track_plus_core/track_plus/lmcurve.h; sourceTree = "<group>"; };
		2B7FE4D61B761DC30069CFD1 /* lmmin.c */ = {isa = PBXFileReference; fileEncoding = 4; lastKnownFileType = sourcecode.c.c; name = lmmin.c; path = ../../track_plus_core/track_plus/lmmin.c; sourceTree = "<group>"; };
		2B7FE4D71B761DC30069CFD1 /* lmmin.h */ = {isa = PBXFileReference; fileEncoding = 4; lastKnownFileType = sourcecode.c.h; name = lmmin.h; path = ../../track_plus_core/track_plus/lmmin.h; sourceTree = "<group>"; };
		2B7FE4D81B761DC30069CFD1 /* lmstruct.h */ = {isa = PBXFileReference; fileEncoding = 4; lastKnownFileType = sourcecode.c.h; name = lmstruct.h; path = ../../track_plus_core/track_plus/lmstruct.h; sourceTree = "<group>"; };
		2B7FE4D91B761DC30069CFD1 /* low_pass_filter.cpp */ = {isa = PBXFileReference; fileEncoding = 4; lastKnownFileType = sourcecode.cpp.cpp; name = low_pass_filter.cpp; path = ../../track_plus_core/track_plus/low_pass_filter.cpp; sourceTree = "<group>"; };
		2B7FE4DA1B761DC30069CFD1 /* low_pass_filter.h */ = {isa = PBXFileReference; fileEncoding = 4; lastKnownFileType = sourcecode.c.h; name = low_pass_filter.h; path = ../../track_plus_core/track_plus/low_pass_filter.h; sourceTree = "<group>"; };
		2B7FE4DB1B761DC30069CFD1 /* main.cpp */ = {isa = PBXFileReference; fileEncoding = 4; lastKnownFileType = sourcecode.cpp.cpp; name = main.cpp; path = ../../track_plus_core/track_plus/main.cpp; sourceTree = "<group>"; };
		2B7FE4DC1B761DC30069CFD1 /* mat_functions.cpp */ = {isa = PBXFileReference; fileEncoding = 4; lastKnownFileType = sourcecode.cpp.cpp; name = mat_functions.cpp; path = ../../track_plus_core/track_plus/mat_functions.cpp; sourceTree = "<group>"; };
		2B7FE4DD1B761DC30069CFD1 /* mat_functions.h */ = {isa = PBXFileReference; fileEncoding = 4; lastKnownFileType = sourcecode.c.h; name = mat_functions.h; path = ../../track_plus_core/track_plus/mat_functions.h; sourceTree = "<group>"; };
		2B7FE4DE1B761DC30069CFD1 /* math_plus.cpp */ = {isa = PBXFileReference; fileEncoding = 4; lastKnownFileType = sourcecode.cpp.cpp; name = math_plus.cpp; path = ../../track_plus_core/track_plus/math_plus.cpp; sourceTree = "<group>"; };
		2B7FE4DF1B761DC30069CFD1 /* math_plus.h */ = {isa = PBXFileReference; fileEncoding = 4; lastKnownFileType = sourcecode.c.h; name = math_plus.h; path = ../../track_plus_core/track_plus/math_plus.h; sourceTree = "<group>"; };
		2B7FE4E01B761DC30069CFD1 /* mono_processor_new.cpp */ = {isa = PBXFileReference; fileEncoding = 4; lastKnownFileType = sourcecode.cpp.cpp; name = mono_processor_new.cpp; path = ../../track_plus_core/track_plus/mono_processor_new.cpp; sourceTree = "<group>"; };
		2B7FE4E11B761DC30069CFD1 /* mono_processor_new.h */ = {isa = PBXFileReference; fileEncoding = 4; lastKnownFileType = sourcecode.c.h; name = mono_processor_new.h; path = ../../track_plus_core/track_plus/mono_processor_new.h; sourceTree = "<group>"; };
		2B7FE4E21B761DC30069CFD1 /* motion_processor_new.cpp */ = {isa = PBXFileReference; fileEncoding = 4; lastKnownFileType = sourcecode.cpp.cpp; name = motion_processor_new.cpp; path = ../../track_plus_core/track_plus/motion_processor_new.cpp; sourceTree = "<group>"; };
		2B7FE4E31B761DC30069CFD1 /* motion_processor_new.h */ = {isa = PBXFileReference; fileEncoding = 4; lastKnownFileType = sourcecode.c.h; name = motion_processor_new.h; path = ../../track_plus_core/track_plus/motion_processor_new.h; sourceTree = "<group>"; };
		2B7FE4E41B761DC30069CFD1 /* overlapping_blob_pair.h */ = {isa = PBXFileReference; fileEncoding = 4; lastKnownFileType = sourcecode.c.h; name = overlapping_blob_pair.h; path = ../../track_plus_core/track_plus/overlapping_blob_pair.h; sourceTree = "<group>"; };
		2B7FE4E51B761DC30069CFD1 /* permutation.cpp */ = {isa = PBXFileReference; fileEncoding = 4; lastKnownFileType = sourcecode.cpp.cpp; name = permutation.cpp; path = ../../track_plus_core/track_plus/permutation.cpp; sourceTree = "<group>"; };
		2B7FE4E61B761DC30069CFD1 /* permutation.h */ = {isa = PBXFileReference; fileEncoding = 4; lastKnownFileType = sourcecode.c.h; name = permutation.h; path = ../../track_plus_core/track_plus/permutation.h; sourceTree = "<group>"; };
		2B7FE4E71B761DC30069CFD1 /* Plane.cpp */ = {isa = PBXFileReference; fileEncoding = 4; lastKnownFileType = sourcecode.cpp.cpp; name = Plane.cpp; path = ../../track_plus_core/track_plus/Plane.cpp; sourceTree = "<group>"; };
		2B7FE4E81B761DC30069CFD1 /* Plane.h */ = {isa = PBXFileReference; fileEncoding = 4; lastKnownFileType = sourcecode.c.h; name = Plane.h; path = ../../track_plus_core/track_plus/Plane.h; sourceTree = "<group>"; };
		2B7FE4E91B761DC30069CFD1 /* point_index.h */ = {isa = PBXFileReference; fileEncoding = 4; lastKnownFileType = sourcecode.c.h; name = point_index.h; path = ../../track_plus_core/track_plus/point_index.h; sourceTree = "<group>"; };
		2B7FE4EC1B761DC30069CFD1 /* pointer_mapper.cpp */ = {isa = PBXFileReference; fileEncoding = 4; lastKnownFileType = sourcecode.cpp.cpp; name = pointer_mapper.cpp; path = ../../track_plus_core/track_plus/pointer_mapper.cpp; sourceTree = "<group>"; };
		2B7FE4ED1B761DC30069CFD1 /* pointer_mapper.h */ = {isa = PBXFileReference; fileEncoding = 4; lastKnownFileType = sourcecode.c.h; name = pointer_mapper.h; path = ../../track_plus_core/track_plus/pointer_mapper.h; sourceTree = "<group>"; };
		2B7FE4EE1B761DC30069CFD1 /* pose_estimator.cpp */ = {isa = PBXFileReference; fileEncoding = 4; lastKnownFileType = sourcecode.cpp.cpp; name = pose_estimator.cpp; path = ../../track_plus_core/track_plus/pose_estimator.cpp; sourceTree = "<group>"; };
		2B7FE4EF1B761DC30069CFD1 /* pose_estimator.h */ = {isa = PBXFileReference; fileEncoding = 4; lastKnownFileType = sourcecode.c.h; name = pose_estimator.h; path = ../../track_plus_core/track_plus/pose_estimator.h; sourceTree = "<group>"; };
		2B7FE4F01B761DC30069CFD1 /* processes.cpp */ = {isa = PBXFileReference; fileEncoding = 4; lastKnownFileType = sourcecode.cpp.cpp; name = processes.cpp; path = ../../track_plus_core/track_plus/processes.cpp; sourceTree = "<group>"; };
		2B7FE4F11B761DC30069CFD1 /* processes.h */ = {isa = PBXFileReference; fileEncoding = 4; lastKnownFileType = sourcecode.c.h; name = processes.h; path = ../../track_plus_core/track_plus/processes.h; sourceTree = "<group>"; };
		2B7FE4F21B761DC30069CFD1 /* quadratic.cpp */ = {isa = PBXFileReference; fileEncoding = 4; lastKnownFileType = sourcecode.cpp.cpp; name = quadratic.cpp; path = ../../track_plus_core/track_plus/quadratic.cpp; sourceTree = "<group>"; };
		2B7FE4F31B761DC30069CFD1 /* RactivJPEGDecompressor.cpp */ = {isa = PBXFileReference; fileEncoding = 4; lastKnownFileType = sourcecode.cpp.cpp; name = RactivJPEGDecompressor.cpp; path = ../../track_plus_core/track_plus/RactivJPEGDecompressor.cpp; sourceTree = "<group>"; };
		2B7FE4F41B761DC30069CFD1 /* RactivJPEGDecompressor.h */ = {isa = PBXFileReference; fileEncoding = 4; lastKnownFileType = sourcecode.c.h; name = RactivJPEGDecompressor.h; path = ../../track_plus_core/track_plus/RactivJPEGDecompressor.h; sourceTree = "<group>"; };
		2B7FE4F51B761DC30069CFD1 /* Ray.cpp */ = {isa = PBXFileReference; fileEncoding = 4; lastKnownFileType = sourcecode.cpp.cpp; name = Ray.cpp; path = ../../track_plus_core/track_plus/Ray.cpp; sourceTree = "<group>"; };
		2B7FE4F61B761DC30069CFD1 /* Ray.h */ = {isa = PBXFileReference; fileEncoding = 4; lastKnownFileType = sourcecode.c.h; name = Ray.h; path = ../../track_plus_core/track_plus/Ray.h; sourceTree = "<group>"; };
		2B7FE4F71B761DC30069CFD1 /* reprojector.cpp */ = {isa = PBXFileReference; fileEncoding = 4; lastKnownFileType = sourcecode.cpp.cpp; name = reprojector.cpp; path = ../../track_plus_core/track_plus/reprojector.cpp; sourceTree = "<group>"; };
		2B7FE4F81B761DC30069CFD1 /* reprojector.h */ = {isa = PBXFileReference; fileEncoding = 4; lastKnownFileType = sourcecode.c.h; name = reprojector.h; path = ../../track_plus_core/track_plus/reprojector.h; sourceTree = "<group>"; };
		2B7FE4F91B761DC30069CFD1 /* stereo_processor.cpp */ = {isa = PBXFileReference; fileEncoding = 4; lastKnownFileType = sourcecode.cpp.cpp; name = stereo_processor.cpp; path = ../../track_plus_core/track_plus/stereo_processor.cpp; sourceTree = "<group>"; };
		2B7FE4FA1B761DC30069CFD1 /* stereo_processor.h */ = {isa = PBXFileReference; fileEncoding = 4; lastKnownFileType = sourcecode.c.h; name = stereo_processor.h; path = ../../track_plus_core/track_plus/stereo_processor.h; sourceTree = "<group>"; };
		2B7FE4FB1B761DC30069CFD1 /* string_functions.cpp */ = {isa = PBXFileReference; fileEncoding = 4; lastKnownFileType = sourcecode.cpp.cpp; name = string_functions.cpp; path = ../../track_plus_core/track_plus/string_functions.cpp; sourceTree = "<group>"; };
		2B7FE4FC1B761DC30069CFD1 /* string_functions.h */ = {isa = PBXFileReference; fileEncoding = 4; lastKnownFileType = sourcecode.c.h; name = string_functions.h; path = ../../track_plus_core/track_plus/string_functions.h; sourceTree = "<group>"; };
		2B7FE4FD1B761DC30069CFD1 /* thinning_computer_new.cpp */ = {isa = PBXFileReference; fileEncoding = 4; lastKnownFileType = sourcecode.cpp.cpp; name = thinning_computer_new.cpp; path = ../../track_plus_core/track_plus/thinning_computer_new.cpp; sourceTree = "<group>"; };
		2B7FE4FE1B761DC30069CFD1 /* thinning_computer_new.h */ = {isa = PBXFileReference; fileEncoding = 4; lastKnownFileType = sourcecode.c.h; name = thinning_computer_new.h; path = ../../track_plus_core/track_plus/thinning_computer_new.h; sourceTree = "<group>"; };
		2B7FE4FF1B761DC30069CFD1 /* tool_mono_processor.cpp */ = {isa = PBXFileReference; fileEncoding = 4; lastKnownFileType = sourcecode.cpp.cpp; name = tool_mono_processor.cpp; path = ../../track_plus_core/track_plus/tool_mono_processor.cpp; sourceTree = "<group>"; };
		2B7FE5001B761DC30069CFD1 /* tool_mono_processor.h */ = {isa = PBXFileReference; fileEncoding = 4; lastKnownFileType = sourcecode.c.h; name = tool_mono_processor.h; path = ../../track_plus_core/track_plus/tool_mono_processor.h; sourceTree = "<group>"; };
		2B7FE5011B761DC30069CFD1 /* tool_pointer_mapper.cpp */ = {isa = PBXFileReference; fileEncoding = 4; lastKnownFileType = sourcecode.cpp.cpp; name = tool_pointer_mapper.cpp; path = ../../track_plus_core/track_plus/tool_pointer_mapper.cpp; sourceTree = "<group>"; };
		2B7FE5021B761DC30069CFD1 /* tool_pointer_mapper.h */ = {isa = PBXFileReference; fileEncoding = 4; lastKnownFileType = sourcecode.c.h; name = tool_pointer_mapper.h; path = ../../track_plus_core/track_plus/tool_pointer_mapper.h; sourceTree = "<group>"; };
		2B7FE5031B761DC30069CFD1 /* tool_resolver.cpp */ = {isa = PBXFileReference; fileEncoding = 4; lastKnownFileType = sourcecode.cpp.cpp; name = tool_resolver.cpp; path = ../../track_plus_core/track_plus/tool_resolver.cpp; sourceTree = "<group>"; };
		2B7FE5041B761DC30069CFD1 /* tool_resolver.h */ = {isa = PBXFileReference; fileEncoding = 4; lastKnownFileType = sourcecode.c.h; name = tool_resolver.h; path = ../../track_plus_core/track_plus/tool_resolver.h; sourceTree = "<group>"; };
		2B7FE5051B761DC30069CFD1 /* tool_stereo_processor.cpp */ = {isa = PBXFileReference; fileEncoding = 4; lastKnownFileType = sourcecode.cpp.cpp; name = tool_stereo_processor.cpp; path = ../../track_plus_core/track_plus/tool_stereo_processor.cpp; sourceTree = "<group>"; };
		2B7FE5061B761DC30069CFD1 /* tool_stereo_processor.h */ = {isa = PBXFileReference; fileEncoding = 4; lastKnownFileType = sourcecode.c.h; name = tool_stereo_processor.h; path = ../../track_plus_core/track_plus/tool_stereo_processor.h; sourceTree = "<group>"; };
		2B7FE5071B761DC30069CFD1 /* udp.cpp */ = {isa = PBXFileReference; fileEncoding = 4; lastKnownFileType = sourcecode.cpp.cpp; name = udp.cpp; path = ../../track_plus_core/track_plus/udp.cpp; sourceTree = "<group>"; };
		2B7FE5081B761DC30069CFD1 /* udp.h */ = {isa = PBXFileReference; fileEncoding = 4; lastKnownFileType = sourcecode.c.h; name = udp.h; path = ../../track_plus_core/track_plus/udp.h; sourceTree = "<group>"; };
		2B7FE5091B761DC30069CFD1 /* value_store.cpp */ = {isa = PBXFileReference; fileEncoding = 4; lastKnownFileType = sourcecode.cpp.cpp; name = value_store.cpp; path = ../../track_plus_core/track_plus/value_store.cpp; sourceTree = "<group>"; };
		2B7FE50A1B761DC30069CFD1 /* value_store.h */ = {isa = PBXFileReference; fileEncoding = 4; lastKnownFileType = sourcecode.c.h; name = value_store.h; path = ../../track_plus_core/track_plus/value_store.h; sourceTree = "<group>"; };
		2B7FE50B1B761DC30069CFD1 /* warper.cpp */ = {isa = PBXFileReference; fileEncoding = 4; lastKnownFileType = sourcecode.cpp.cpp; name = warper.cpp; path = ../../track_plus_core/track_plus/warper.cpp; sourceTree = "<group>"; };
		2B7FE50C1B761DC30069CFD1 /* warper.h */ = {isa = PBXFileReference; fileEncoding = 4; lastKnownFileType = sourcecode.c.h; name = warper.h; path = ../../track_plus_core/track_plus/warper.h; sourceTree = "<group>"; };
		2BAB62CF1B74551A00202DAA /* libopencv_calib3d.3.0.0.dylib */ = {isa = PBXFileReference; lastKnownFileType = "compiled.mach-o.dylib"; name = libopencv_calib3d.3.0.0.dylib; path = ../dependencies/OSX/OpenCV/lib/libopencv_calib3d.3.0.0.dylib; sourceTree = "<group>"; };
		2BAB62D21B74551A00202DAA /* libopencv_core.3.0.0.dylib */ = {isa = PBXFileReference; lastKnownFileType = "compiled.mach-o.dylib"; name = libopencv_core.3.0.0.dylib; path = ../dependencies/OSX/OpenCV/lib/libopencv_core.3.0.0.dylib; sourceTree = "<group>"; };
		2BAB62DB1B74551A00202DAA /* libopencv_highgui.3.0.0.dylib */ = {isa = PBXFileReference; lastKnownFileType = "compiled.mach-o.dylib"; name = libopencv_highgui.3.0.0.dylib; path = ../dependencies/OSX/OpenCV/lib/libopencv_highgui.3.0.0.dylib; sourceTree = "<group>"; };
		2BAB62E11B74551A00202DAA /* libopencv_imgproc.3.0.0.dylib */ = {isa = PBXFileReference; lastKnownFileType = "compiled.mach-o.dylib"; name = libopencv_imgproc.3.0.0.dylib; path = ../dependencies/OSX/OpenCV/lib/libopencv_imgproc.3.0.0.dylib; sourceTree = "<group>"; };
		2BAB632F1B74554100202DAA /* libsfml-network.2.3.1.dylib */ = {isa = PBXFileReference; lastKnownFileType = "compiled.mach-o.dylib"; name = "libsfml-network.2.3.1.dylib"; path = "../dependencies/OSX/SFML/lib/libsfml-network.2.3.1.dylib"; sourceTree = "<group>"; };
		2BAB63371B74557300202DAA /* libusb-1.0.0.dylib */ = {isa = PBXFileReference; lastKnownFileType = "compiled.mach-o.dylib"; name = "libusb-1.0.0.dylib"; path = "../dependencies/OSX/LibUSB/lib/libusb-1.0.0.dylib"; sourceTree = "<group>"; };
		2BAB63391B74558200202DAA /* libuvc.dylib */ = {isa = PBXFileReference; lastKnownFileType = "compiled.mach-o.dylib"; name = libuvc.dylib; path = ../dependencies/OSX/LibUVC/lib/libuvc.dylib; sourceTree = "<group>"; };
		2BAB633B1B74564400202DAA /* libopencv_video.3.0.0.dylib */ = {isa = PBXFileReference; lastKnownFileType = "compiled.mach-o.dylib"; name = libopencv_video.3.0.0.dylib; path = ../dependencies/OSX/OpenCV/lib/libopencv_video.3.0.0.dylib; sourceTree = "<group>"; };
		2BAB633D1B74568300202DAA /* libopencv_imgcodecs.3.0.0.dylib */ = {isa = PBXFileReference; lastKnownFileType = "compiled.mach-o.dylib"; name = libopencv_imgcodecs.3.0.0.dylib; path = ../dependencies/OSX/OpenCV/lib/libopencv_imgcodecs.3.0.0.dylib; sourceTree = "<group>"; };
		2BAB63401B745D2300202DAA /* filesystem.cpp */ = {isa = PBXFileReference; fileEncoding = 4; lastKnownFileType = sourcecode.cpp.cpp; name = filesystem.cpp; path = ../../track_plus_core/daemon_plus/filesystem.cpp; sourceTree = "<group>"; };
		2BAB63411B745D2300202DAA /* filesystem.h */ = {isa = PBXFileReference; fileEncoding = 4; lastKnownFileType = sourcecode.c.h; name = filesystem.h; path = ../../track_plus_core/daemon_plus/filesystem.h; sourceTree = "<group>"; };
		2BAB63421B745D2300202DAA /* globals.cpp */ = {isa = PBXFileReference; fileEncoding = 4; lastKnownFileType = sourcecode.cpp.cpp; name = globals.cpp; path = ../../track_plus_core/daemon_plus/globals.cpp; sourceTree = "<group>"; };
		2BAB63431B745D2300202DAA /* globals.h */ = {isa = PBXFileReference; fileEncoding = 4; lastKnownFileType = sourcecode.c.h; name = globals.h; path = ../../track_plus_core/daemon_plus/globals.h; sourceTree = "<group>"; };
		2BAB63441B745D2300202DAA /* ipc.cpp */ = {isa = PBXFileReference; fileEncoding = 4; lastKnownFileType = sourcecode.cpp.cpp; name = ipc.cpp; path = ../../track_plus_core/daemon_plus/ipc.cpp; sourceTree = "<group>"; };
		2BAB63451B745D2300202DAA /* ipc.h */ = {isa = PBXFileReference; fileEncoding = 4; lastKnownFileType = sourcecode.c.h; name = ipc.h; path = ../../track_plus_core/daemon_plus/ipc.h; sourceTree = "<group>"; };
		2BAB63461B745D2400202DAA /* main.cpp */ = {isa = PBXFileReference; fileEncoding = 4; lastKnownFileType = sourcecode.cpp.cpp; name = main.cpp; path = ../../track_plus_core/daemon_plus/main.cpp; sourceTree = "<group>"; };
		2BAB63471B745D2400202DAA /* processes.cpp */ = {isa = PBXFileReference; fileEncoding = 4; lastKnownFileType = sourcecode.cpp.cpp; name = processes.cpp; path = ../../track_plus_core/daemon_plus/processes.cpp; sourceTree = "<group>"; };
		2BAB63481B745D2400202DAA /* processes.h */ = {isa = PBXFileReference; fileEncoding = 4; lastKnownFileType = sourcecode.c.h; name = processes.h; path = ../../track_plus_core/daemon_plus/processes.h; sourceTree = "<group>"; };
		2BAB63491B745D2400202DAA /* settings.h */ = {isa = PBXFileReference; fileEncoding = 4; lastKnownFileType = sourcecode.c.h; name = settings.h; path = ../../track_plus_core/daemon_plus/settings.h; sourceTree = "<group>"; };
		2BAB634A1B745D2400202DAA /* string_functions.cpp */ = {isa = PBXFileReference; fileEncoding = 4; lastKnownFileType = sourcecode.cpp.cpp; name = string_functions.cpp; path = ../../track_plus_core/daemon_plus/string_functions.cpp; sourceTree = "<group>"; };
		2BAB634B1B745D2400202DAA /* string_functions.h */ = {isa = PBXFileReference; fileEncoding = 4; lastKnownFileType = sourcecode.c.h; name = string_functions.h; path = ../../track_plus_core/daemon_plus/string_functions.h; sourceTree = "<group>"; };
		2BAB634C1B745D2400202DAA /* udp.cpp */ = {isa = PBXFileReference; fileEncoding = 4; lastKnownFileType = sourcecode.cpp.cpp; name = udp.cpp; path = ../../track_plus_core/daemon_plus/udp.cpp; sourceTree = "<group>"; };
		2BAB634D1B745D2400202DAA /* udp.h */ = {isa = PBXFileReference; fileEncoding = 4; lastKnownFileType = sourcecode.c.h; name = udp.h; path = ../../track_plus_core/daemon_plus/udp.h; sourceTree = "<group>"; };
/* End PBXFileReference section */

/* Begin PBXFrameworksBuildPhase section */
		2B6B39721B73BE8C004FF61D /* Frameworks */ = {
			isa = PBXFrameworksBuildPhase;
			buildActionMask = 2147483647;
			files = (
				2BAB633E1B74568300202DAA /* libopencv_imgcodecs.3.0.0.dylib in Frameworks */,
				2BAB633C1B74564500202DAA /* libopencv_video.3.0.0.dylib in Frameworks */,
				2BAB633A1B74558200202DAA /* libuvc.dylib in Frameworks */,
				2BAB63381B74557300202DAA /* libusb-1.0.0.dylib in Frameworks */,
				2BAB63321B74554100202DAA /* libsfml-network.2.3.1.dylib in Frameworks */,
				2BAB62FF1B74551B00202DAA /* libopencv_calib3d.3.0.0.dylib in Frameworks */,
				2BAB63021B74551B00202DAA /* libopencv_core.3.0.0.dylib in Frameworks */,
				2BAB630B1B74551B00202DAA /* libopencv_highgui.3.0.0.dylib in Frameworks */,
				2BAB63111B74551B00202DAA /* libopencv_imgproc.3.0.0.dylib in Frameworks */,
			);
			runOnlyForDeploymentPostprocessing = 0;
		};
		2B6B39801B73BEBF004FF61D /* Frameworks */ = {
			isa = PBXFrameworksBuildPhase;
			buildActionMask = 2147483647;
			files = (
				2B7FE4AC1B761DA90069CFD1 /* libsfml-network.2.3.1.dylib in Frameworks */,
			);
			runOnlyForDeploymentPostprocessing = 0;
		};
/* End PBXFrameworksBuildPhase section */

/* Begin PBXGroup section */
		2B6B396C1B73BE8B004FF61D = {
			isa = PBXGroup;
			children = (
				2B7FE4AA1B761D880069CFD1 /* libsfml-network.dylib */,
				2BAB633D1B74568300202DAA /* libopencv_imgcodecs.3.0.0.dylib */,
				2BAB633B1B74564400202DAA /* libopencv_video.3.0.0.dylib */,
				2BAB63391B74558200202DAA /* libuvc.dylib */,
				2BAB63371B74557300202DAA /* libusb-1.0.0.dylib */,
				2BAB632F1B74554100202DAA /* libsfml-network.2.3.1.dylib */,
				2BAB62CF1B74551A00202DAA /* libopencv_calib3d.3.0.0.dylib */,
				2BAB62D21B74551A00202DAA /* libopencv_core.3.0.0.dylib */,
				2BAB62DB1B74551A00202DAA /* libopencv_highgui.3.0.0.dylib */,
				2BAB62E11B74551A00202DAA /* libopencv_imgproc.3.0.0.dylib */,
				2B6B39771B73BE8C004FF61D /* track_plus */,
				2B6B39841B73BEBF004FF61D /* daemon_plus */,
				2B6B39761B73BE8C004FF61D /* Products */,
			);
			sourceTree = "<group>";
		};
		2B6B39761B73BE8C004FF61D /* Products */ = {
			isa = PBXGroup;
			children = (
				2B6B39751B73BE8C004FF61D /* track_plus */,
				2B6B39831B73BEBF004FF61D /* daemon_plus */,
			);
			name = Products;
			sourceTree = "<group>";
		};
		2B6B39771B73BE8C004FF61D /* track_plus */ = {
			isa = PBXGroup;
			children = (
				2B7FE4AD1B761DC30069CFD1 /* blob_detector_new.cpp */,
				2B7FE4AE1B761DC30069CFD1 /* blob_detector_new.h */,
				2B7FE4AF1B761DC30069CFD1 /* blob_new.cpp */,
				2B7FE4B01B761DC30069CFD1 /* blob_new.h */,
				2B7FE4B31B761DC30069CFD1 /* camera_initializer_new.cpp */,
				2B7FE4B41B761DC30069CFD1 /* camera_initializer_new.h */,
				2B7FE4B51B761DC30069CFD1 /* Camera.cpp */,
				2B7FE4B61B761DC30069CFD1 /* Camera.h */,
				2B7FE4B91B761DC30069CFD1 /* compare_structs.h */,
				2B7FE4BA1B761DC30069CFD1 /* contour_functions.cpp */,
				2B7FE4BB1B761DC30069CFD1 /* contour_functions.h */,
				2B7FE4BC1B761DC30069CFD1 /* curve_fitting.cpp */,
				2B7FE4BD1B761DC30069CFD1 /* curve_fitting.h */,
				2B7FE4BE1B761DC30069CFD1 /* exponential.cpp */,
				2B7FE4BF1B761DC30069CFD1 /* filesystem.cpp */,
				2B7FE4C01B761DC30069CFD1 /* filesystem.h */,
				2B7FE4C11B761DC30069CFD1 /* foreground_extractor_new.cpp */,
				2B7FE4C21B761DC30069CFD1 /* foreground_extractor_new.h */,
				2B7FE4C31B761DC30069CFD1 /* globals.cpp */,
				2B7FE4C41B761DC30069CFD1 /* globals.h */,
				2B7FE4C51B761DC30069CFD1 /* hand_resolver.cpp */,
				2B7FE4C61B761DC30069CFD1 /* hand_resolver.h */,
				2B7FE4C71B761DC30069CFD1 /* hand_splitter_new.cpp */,
				2B7FE4C81B761DC30069CFD1 /* hand_splitter_new.h */,
				2B7FE4C91B761DC30069CFD1 /* histogram_builder.cpp */,
				2B7FE4CA1B761DC30069CFD1 /* histogram_builder.h */,
				2B7FE4CD1B761DC30069CFD1 /* id_point.h */,
				2B7FE4CE1B761DC30069CFD1 /* imu.cpp */,
				2B7FE4CF1B761DC30069CFD1 /* imu.h */,
				2B7FE4D01B761DC30069CFD1 /* ipc.cpp */,
				2B7FE4D11B761DC30069CFD1 /* ipc.h */,
				2B7FE4D21B761DC30069CFD1 /* kalman.cpp */,
				2B7FE4D31B761DC30069CFD1 /* kalman.h */,
				2B7FE4D41B761DC30069CFD1 /* lmcurve.c */,
				2B7FE4D51B761DC30069CFD1 /* lmcurve.h */,
				2B7FE4D61B761DC30069CFD1 /* lmmin.c */,
				2B7FE4D71B761DC30069CFD1 /* lmmin.h */,
				2B7FE4D81B761DC30069CFD1 /* lmstruct.h */,
				2B7FE4D91B761DC30069CFD1 /* low_pass_filter.cpp */,
				2B7FE4DA1B761DC30069CFD1 /* low_pass_filter.h */,
				2B7FE4DB1B761DC30069CFD1 /* main.cpp */,
				2B7FE4DC1B761DC30069CFD1 /* mat_functions.cpp */,
				2B7FE4DD1B761DC30069CFD1 /* mat_functions.h */,
				2B7FE4DE1B761DC30069CFD1 /* math_plus.cpp */,
				2B7FE4DF1B761DC30069CFD1 /* math_plus.h */,
				2B7FE4E01B761DC30069CFD1 /* mono_processor_new.cpp */,
				2B7FE4E11B761DC30069CFD1 /* mono_processor_new.h */,
				2B7FE4E21B761DC30069CFD1 /* motion_processor_new.cpp */,
				2B7FE4E31B761DC30069CFD1 /* motion_processor_new.h */,
				2B7FE4E41B761DC30069CFD1 /* overlapping_blob_pair.h */,
				2B7FE4E51B761DC30069CFD1 /* permutation.cpp */,
				2B7FE4E61B761DC30069CFD1 /* permutation.h */,
				2B7FE4E71B761DC30069CFD1 /* Plane.cpp */,
				2B7FE4E81B761DC30069CFD1 /* Plane.h */,
				2B7FE4E91B761DC30069CFD1 /* point_index.h */,
				2B7FE4EC1B761DC30069CFD1 /* pointer_mapper.cpp */,
				2B7FE4ED1B761DC30069CFD1 /* pointer_mapper.h */,
				2B7FE4EE1B761DC30069CFD1 /* pose_estimator.cpp */,
				2B7FE4EF1B761DC30069CFD1 /* pose_estimator.h */,
				2B7FE4F01B761DC30069CFD1 /* processes.cpp */,
				2B7FE4F11B761DC30069CFD1 /* processes.h */,
				2B7FE4F21B761DC30069CFD1 /* quadratic.cpp */,
				2B7FE4F31B761DC30069CFD1 /* RactivJPEGDecompressor.cpp */,
				2B7FE4F41B761DC30069CFD1 /* RactivJPEGDecompressor.h */,
				2B7FE4F51B761DC30069CFD1 /* Ray.cpp */,
				2B7FE4F61B761DC30069CFD1 /* Ray.h */,
				2B7FE4F71B761DC30069CFD1 /* reprojector.cpp */,
				2B7FE4F81B761DC30069CFD1 /* reprojector.h */,
				2B7FE4F91B761DC30069CFD1 /* stereo_processor.cpp */,
				2B7FE4FA1B761DC30069CFD1 /* stereo_processor.h */,
				2B7FE4FB1B761DC30069CFD1 /* string_functions.cpp */,
				2B7FE4FC1B761DC30069CFD1 /* string_functions.h */,
				2B7FE4FD1B761DC30069CFD1 /* thinning_computer_new.cpp */,
				2B7FE4FE1B761DC30069CFD1 /* thinning_computer_new.h */,
				2B7FE4FF1B761DC30069CFD1 /* tool_mono_processor.cpp */,
				2B7FE5001B761DC30069CFD1 /* tool_mono_processor.h */,
				2B7FE5011B761DC30069CFD1 /* tool_pointer_mapper.cpp */,
				2B7FE5021B761DC30069CFD1 /* tool_pointer_mapper.h */,
				2B7FE5031B761DC30069CFD1 /* tool_resolver.cpp */,
				2B7FE5041B761DC30069CFD1 /* tool_resolver.h */,
				2B7FE5051B761DC30069CFD1 /* tool_stereo_processor.cpp */,
				2B7FE5061B761DC30069CFD1 /* tool_stereo_processor.h */,
				2B7FE5071B761DC30069CFD1 /* udp.cpp */,
				2B7FE5081B761DC30069CFD1 /* udp.h */,
				2B7FE5091B761DC30069CFD1 /* value_store.cpp */,
				2B7FE50A1B761DC30069CFD1 /* value_store.h */,
				2B7FE50B1B761DC30069CFD1 /* warper.cpp */,
				2B7FE50C1B761DC30069CFD1 /* warper.h */,
			);
			path = track_plus;
			sourceTree = "<group>";
		};
		2B6B39841B73BEBF004FF61D /* daemon_plus */ = {
			isa = PBXGroup;
			children = (
				2BAB63401B745D2300202DAA /* filesystem.cpp */,
				2BAB63411B745D2300202DAA /* filesystem.h */,
				2BAB63421B745D2300202DAA /* globals.cpp */,
				2BAB63431B745D2300202DAA /* globals.h */,
				2BAB63441B745D2300202DAA /* ipc.cpp */,
				2BAB63451B745D2300202DAA /* ipc.h */,
				2BAB63461B745D2400202DAA /* main.cpp */,
				2BAB63471B745D2400202DAA /* processes.cpp */,
				2BAB63481B745D2400202DAA /* processes.h */,
				2BAB63491B745D2400202DAA /* settings.h */,
				2BAB634A1B745D2400202DAA /* string_functions.cpp */,
				2BAB634B1B745D2400202DAA /* string_functions.h */,
				2BAB634C1B745D2400202DAA /* udp.cpp */,
				2BAB634D1B745D2400202DAA /* udp.h */,
			);
			path = daemon_plus;
			sourceTree = "<group>";
		};
/* End PBXGroup section */

/* Begin PBXNativeTarget section */
		2B6B39741B73BE8C004FF61D /* track_plus */ = {
			isa = PBXNativeTarget;
			buildConfigurationList = 2B6B397C1B73BE8C004FF61D /* Build configuration list for PBXNativeTarget "track_plus" */;
			buildPhases = (
				2B6B39711B73BE8C004FF61D /* Sources */,
				2B6B39721B73BE8C004FF61D /* Frameworks */,
				2B6B39731B73BE8C004FF61D /* Copy Files */,
			);
			buildRules = (
			);
			dependencies = (
			);
			name = track_plus;
			productName = track_plus;
			productReference = 2B6B39751B73BE8C004FF61D /* track_plus */;
			productType = "com.apple.product-type.tool";
		};
		2B6B39821B73BEBF004FF61D /* daemon_plus */ = {
			isa = PBXNativeTarget;
			buildConfigurationList = 2B6B39891B73BEBF004FF61D /* Build configuration list for PBXNativeTarget "daemon_plus" */;
			buildPhases = (
				2B6B397F1B73BEBF004FF61D /* Sources */,
				2B6B39801B73BEBF004FF61D /* Frameworks */,
				2B6B39811B73BEBF004FF61D /* CopyFiles */,
			);
			buildRules = (
			);
			dependencies = (
			);
			name = daemon_plus;
			productName = daemon_plus;
			productReference = 2B6B39831B73BEBF004FF61D /* daemon_plus */;
			productType = "com.apple.product-type.tool";
		};
/* End PBXNativeTarget section */

/* Begin PBXProject section */
		2B6B396D1B73BE8B004FF61D /* Project object */ = {
			isa = PBXProject;
			attributes = {
				LastUpgradeCheck = 0630;
				ORGANIZATIONNAME = "Ractiv Inc.";
				TargetAttributes = {
					2B6B39741B73BE8C004FF61D = {
						CreatedOnToolsVersion = 6.3;
					};
					2B6B39821B73BEBF004FF61D = {
						CreatedOnToolsVersion = 6.3;
					};
				};
			};
			buildConfigurationList = 2B6B39701B73BE8B004FF61D /* Build configuration list for PBXProject "track_plus" */;
			compatibilityVersion = "Xcode 3.2";
			developmentRegion = English;
			hasScannedForEncodings = 0;
			knownRegions = (
				en,
			);
			mainGroup = 2B6B396C1B73BE8B004FF61D;
			productRefGroup = 2B6B39761B73BE8C004FF61D /* Products */;
			projectDirPath = "";
			projectRoot = "";
			targets = (
				2B6B39741B73BE8C004FF61D /* track_plus */,
				2B6B39821B73BEBF004FF61D /* daemon_plus */,
			);
		};
/* End PBXProject section */

/* Begin PBXSourcesBuildPhase section */
		2B6B39711B73BE8C004FF61D /* Sources */ = {
			isa = PBXSourcesBuildPhase;
			buildActionMask = 2147483647;
			files = (
				2B7FE5301B761DC30069CFD1 /* Ray.cpp in Sources */,
				2B7FE5181B761DC30069CFD1 /* globals.cpp in Sources */,
				2B7FE51D1B761DC30069CFD1 /* imu.cpp in Sources */,
				2B7FE5101B761DC30069CFD1 /* camera_initializer_new.cpp in Sources */,
				2B7FE5211B761DC30069CFD1 /* lmmin.c in Sources */,
				2B7FE5281B761DC30069CFD1 /* permutation.cpp in Sources */,
				2B7FE5291B761DC30069CFD1 /* Plane.cpp in Sources */,
				2B7FE5251B761DC30069CFD1 /* math_plus.cpp in Sources */,
				2B7FE5381B761DC30069CFD1 /* tool_stereo_processor.cpp in Sources */,
				2B7FE5321B761DC30069CFD1 /* stereo_processor.cpp in Sources */,
				2B7FE5241B761DC30069CFD1 /* mat_functions.cpp in Sources */,
				2B7FE5361B761DC30069CFD1 /* tool_pointer_mapper.cpp in Sources */,
				2B7FE5311B761DC30069CFD1 /* reprojector.cpp in Sources */,
				2B7FE53B1B761DC30069CFD1 /* warper.cpp in Sources */,
				2B7FE50D1B761DC30069CFD1 /* blob_detector_new.cpp in Sources */,
				2B7FE5331B761DC30069CFD1 /* string_functions.cpp in Sources */,
				2B7FE53A1B761DC30069CFD1 /* value_store.cpp in Sources */,
				2B7FE5391B761DC30069CFD1 /* udp.cpp in Sources */,
				2B7FE5351B761DC30069CFD1 /* tool_mono_processor.cpp in Sources */,
				2B7FE5151B761DC30069CFD1 /* exponential.cpp in Sources */,
				2B7FE52D1B761DC30069CFD1 /* processes.cpp in Sources */,
				2B7FE5371B761DC30069CFD1 /* tool_resolver.cpp in Sources */,
				2B7FE5111B761DC30069CFD1 /* Camera.cpp in Sources */,
				2B7FE5341B761DC30069CFD1 /* thinning_computer_new.cpp in Sources */,
				2B7FE5271B761DC30069CFD1 /* motion_processor_new.cpp in Sources */,
				2B7FE5231B761DC30069CFD1 /* main.cpp in Sources */,
				2B7FE51B1B761DC30069CFD1 /* histogram_builder.cpp in Sources */,
				2B7FE52E1B761DC30069CFD1 /* quadratic.cpp in Sources */,
				2B7FE52F1B761DC30069CFD1 /* RactivJPEGDecompressor.cpp in Sources */,
				2B7FE5161B761DC30069CFD1 /* filesystem.cpp in Sources */,
				2B7FE5201B761DC30069CFD1 /* lmcurve.c in Sources */,
				2B7FE52C1B761DC30069CFD1 /* pose_estimator.cpp in Sources */,
				2B7FE5141B761DC30069CFD1 /* curve_fitting.cpp in Sources */,
				2B7FE5261B761DC30069CFD1 /* mono_processor_new.cpp in Sources */,
				2B7FE5131B761DC30069CFD1 /* contour_functions.cpp in Sources */,
				2B7FE5171B761DC30069CFD1 /* foreground_extractor_new.cpp in Sources */,
				2B7FE52B1B761DC30069CFD1 /* pointer_mapper.cpp in Sources */,
				2B7FE51E1B761DC30069CFD1 /* ipc.cpp in Sources */,
				2B7FE5221B761DC30069CFD1 /* low_pass_filter.cpp in Sources */,
				2B7FE51F1B761DC30069CFD1 /* kalman.cpp in Sources */,
				2B7FE5191B761DC30069CFD1 /* hand_resolver.cpp in Sources */,
				2B7FE51A1B761DC30069CFD1 /* hand_splitter_new.cpp in Sources */,
				2B7FE50E1B761DC30069CFD1 /* blob_new.cpp in Sources */,
			);
			runOnlyForDeploymentPostprocessing = 0;
		};
		2B6B397F1B73BEBF004FF61D /* Sources */ = {
			isa = PBXSourcesBuildPhase;
			buildActionMask = 2147483647;
			files = (
				2BAB63531B745D2400202DAA /* string_functions.cpp in Sources */,
				2BAB63501B745D2400202DAA /* ipc.cpp in Sources */,
				2BAB634F1B745D2400202DAA /* globals.cpp in Sources */,
				2BAB63521B745D2400202DAA /* processes.cpp in Sources */,
				2BAB63511B745D2400202DAA /* main.cpp in Sources */,
				2BAB63541B745D2400202DAA /* udp.cpp in Sources */,
				2BAB634E1B745D2400202DAA /* filesystem.cpp in Sources */,
			);
			runOnlyForDeploymentPostprocessing = 0;
		};
/* End PBXSourcesBuildPhase section */

/* Begin XCBuildConfiguration section */
		2B6B397A1B73BE8C004FF61D /* Debug */ = {
			isa = XCBuildConfiguration;
			buildSettings = {
				ALWAYS_SEARCH_USER_PATHS = NO;
				CLANG_CXX_LANGUAGE_STANDARD = "gnu++0x";
				CLANG_CXX_LIBRARY = "libc++";
				CLANG_ENABLE_MODULES = YES;
				CLANG_ENABLE_OBJC_ARC = YES;
				CLANG_WARN_BOOL_CONVERSION = YES;
				CLANG_WARN_CONSTANT_CONVERSION = YES;
				CLANG_WARN_DIRECT_OBJC_ISA_USAGE = YES_ERROR;
				CLANG_WARN_EMPTY_BODY = YES;
				CLANG_WARN_ENUM_CONVERSION = YES;
				CLANG_WARN_INT_CONVERSION = YES;
				CLANG_WARN_OBJC_ROOT_CLASS = YES_ERROR;
				CLANG_WARN_UNREACHABLE_CODE = YES;
				CLANG_WARN__DUPLICATE_METHOD_MATCH = YES;
				COPY_PHASE_STRIP = NO;
				DEBUG_INFORMATION_FORMAT = dwarf;
				ENABLE_STRICT_OBJC_MSGSEND = YES;
				FRAMEWORK_SEARCH_PATHS = "../dependencies/OSX/**";
				GCC_C_LANGUAGE_STANDARD = gnu99;
				GCC_DYNAMIC_NO_PIC = NO;
				GCC_NO_COMMON_BLOCKS = YES;
				GCC_OPTIMIZATION_LEVEL = 0;
				GCC_PREPROCESSOR_DEFINITIONS = (
					"DEBUG=1",
					"$(inherited)",
				);
				GCC_SYMBOLS_PRIVATE_EXTERN = NO;
				GCC_WARN_64_TO_32_BIT_CONVERSION = YES;
				GCC_WARN_ABOUT_RETURN_TYPE = YES_ERROR;
				GCC_WARN_UNDECLARED_SELECTOR = YES;
				GCC_WARN_UNINITIALIZED_AUTOS = YES_AGGRESSIVE;
				GCC_WARN_UNUSED_FUNCTION = YES;
				GCC_WARN_UNUSED_VARIABLE = YES;
				HEADER_SEARCH_PATHS = (
					"$(inherited)",
					/Applications/Xcode.app/Contents/Developer/Toolchains/XcodeDefault.xctoolchain/usr/include,
					/Users/Lai/Documents/touch_plus_source_code/dependencies/OSX/OpenCV,
					"../dependencies/OSX/**",
				);
				LIBRARY_SEARCH_PATHS = "../dependencies/OSX/**";
				MACOSX_DEPLOYMENT_TARGET = 10.10;
				MTL_ENABLE_DEBUG_INFO = YES;
				ONLY_ACTIVE_ARCH = YES;
				OTHER_LDFLAGS = "";
				SDKROOT = macosx;
			};
			name = Debug;
		};
		2B6B397B1B73BE8C004FF61D /* Release */ = {
			isa = XCBuildConfiguration;
			buildSettings = {
				ALWAYS_SEARCH_USER_PATHS = NO;
				CLANG_CXX_LANGUAGE_STANDARD = "gnu++0x";
				CLANG_CXX_LIBRARY = "libc++";
				CLANG_ENABLE_MODULES = YES;
				CLANG_ENABLE_OBJC_ARC = YES;
				CLANG_WARN_BOOL_CONVERSION = YES;
				CLANG_WARN_CONSTANT_CONVERSION = YES;
				CLANG_WARN_DIRECT_OBJC_ISA_USAGE = YES_ERROR;
				CLANG_WARN_EMPTY_BODY = YES;
				CLANG_WARN_ENUM_CONVERSION = YES;
				CLANG_WARN_INT_CONVERSION = YES;
				CLANG_WARN_OBJC_ROOT_CLASS = YES_ERROR;
				CLANG_WARN_UNREACHABLE_CODE = YES;
				CLANG_WARN__DUPLICATE_METHOD_MATCH = YES;
				COPY_PHASE_STRIP = NO;
				DEBUG_INFORMATION_FORMAT = "dwarf-with-dsym";
				ENABLE_NS_ASSERTIONS = NO;
				ENABLE_STRICT_OBJC_MSGSEND = YES;
				FRAMEWORK_SEARCH_PATHS = "../dependencies/OSX/**";
				GCC_C_LANGUAGE_STANDARD = gnu99;
				GCC_NO_COMMON_BLOCKS = YES;
				GCC_WARN_64_TO_32_BIT_CONVERSION = YES;
				GCC_WARN_ABOUT_RETURN_TYPE = YES_ERROR;
				GCC_WARN_UNDECLARED_SELECTOR = YES;
				GCC_WARN_UNINITIALIZED_AUTOS = YES_AGGRESSIVE;
				GCC_WARN_UNUSED_FUNCTION = YES;
				GCC_WARN_UNUSED_VARIABLE = YES;
				HEADER_SEARCH_PATHS = (
					"$(inherited)",
					/Applications/Xcode.app/Contents/Developer/Toolchains/XcodeDefault.xctoolchain/usr/include,
					/Users/Lai/Documents/touch_plus_source_code/dependencies/OSX/OpenCV,
					"../dependencies/OSX/**",
				);
				LIBRARY_SEARCH_PATHS = "../dependencies/OSX/**";
				MACOSX_DEPLOYMENT_TARGET = 10.10;
				MTL_ENABLE_DEBUG_INFO = NO;
				OTHER_LDFLAGS = "";
				SDKROOT = macosx;
			};
			name = Release;
		};
		2B6B397D1B73BE8C004FF61D /* Debug */ = {
			isa = XCBuildConfiguration;
			buildSettings = {
				CONFIGURATION_BUILD_DIR = "$(BUILD_DIR)/";
				FRAMEWORK_SEARCH_PATHS = (
					"../dependencies/OSX/**",
					"$(inherited)",
				);
				HEADER_SEARCH_PATHS = (
					"$(inherited)",
					/Applications/Xcode.app/Contents/Developer/Toolchains/XcodeDefault.xctoolchain/usr/include,
				);
				LIBRARY_SEARCH_PATHS = (
					"$(inherited)",
					/Users/Lai/Documents/touch_plus_source_code/dependencies/OSX/LibUSB/lib,
					/Users/Lai/Documents/touch_plus_source_code/dependencies/OSX/LibUVC/lib,
					/Users/Lai/Documents/touch_plus_source_code/dependencies/OSX/SFML/lib,
					/Users/Lai/Documents/touch_plus_source_code/dependencies/OSX/OpenCV/lib,
				);
				OTHER_LDFLAGS = "";
				PRODUCT_NAME = "$(TARGET_NAME)";
			};
			name = Debug;
		};
		2B6B397E1B73BE8C004FF61D /* Release */ = {
			isa = XCBuildConfiguration;
			buildSettings = {
				CONFIGURATION_BUILD_DIR = "$(BUILD_DIR)/";
				FRAMEWORK_SEARCH_PATHS = (
					"../dependencies/OSX/**",
					"$(inherited)",
				);
				HEADER_SEARCH_PATHS = (
					"$(inherited)",
					/Applications/Xcode.app/Contents/Developer/Toolchains/XcodeDefault.xctoolchain/usr/include,
				);
				LIBRARY_SEARCH_PATHS = (
					"$(inherited)",
					/Users/Lai/Documents/touch_plus_source_code/dependencies/OSX/LibUSB/lib,
					/Users/Lai/Documents/touch_plus_source_code/dependencies/OSX/LibUVC/lib,
					/Users/Lai/Documents/touch_plus_source_code/dependencies/OSX/SFML/lib,
					/Users/Lai/Documents/touch_plus_source_code/dependencies/OSX/OpenCV/lib,
				);
				OTHER_LDFLAGS = "";
				PRODUCT_NAME = "$(TARGET_NAME)";
			};
			name = Release;
		};
		2B6B39871B73BEBF004FF61D /* Debug */ = {
			isa = XCBuildConfiguration;
			buildSettings = {
				CONFIGURATION_BUILD_DIR = "$(BUILD_DIR)/";
				FRAMEWORK_SEARCH_PATHS = (
					"../dependencies/OSX/**",
					"$(inherited)",
				);
				GCC_PREPROCESSOR_DEFINITIONS = (
					"DEBUG=1",
					"$(inherited)",
				);
				HEADER_SEARCH_PATHS = (
					"$(inherited)",
					/Applications/Xcode.app/Contents/Developer/Toolchains/XcodeDefault.xctoolchain/usr/include,
				);
				LIBRARY_SEARCH_PATHS = (
					"$(inherited)",
					/Users/Lai/Documents/touch_plus_source_code/dependencies/OSX/SFML/lib,
				);
				PRODUCT_NAME = "$(TARGET_NAME)";
			};
			name = Debug;
		};
		2B6B39881B73BEBF004FF61D /* Release */ = {
			isa = XCBuildConfiguration;
			buildSettings = {
				CONFIGURATION_BUILD_DIR = "$(BUILD_DIR)/";
				FRAMEWORK_SEARCH_PATHS = (
					"../dependencies/OSX/**",
					"$(inherited)",
				);
				HEADER_SEARCH_PATHS = (
					"$(inherited)",
					/Applications/Xcode.app/Contents/Developer/Toolchains/XcodeDefault.xctoolchain/usr/include,
				);
				LIBRARY_SEARCH_PATHS = (
					"$(inherited)",
					/Users/Lai/Documents/touch_plus_source_code/dependencies/OSX/SFML/lib,
				);
				PRODUCT_NAME = "$(TARGET_NAME)";
			};
			name = Release;
		};
/* End XCBuildConfiguration section */

/* Begin XCConfigurationList section */
		2B6B39701B73BE8B004FF61D /* Build configuration list for PBXProject "track_plus" */ = {
			isa = XCConfigurationList;
			buildConfigurations = (
				2B6B397A1B73BE8C004FF61D /* Debug */,
				2B6B397B1B73BE8C004FF61D /* Release */,
			);
			defaultConfigurationIsVisible = 0;
			defaultConfigurationName = Release;
		};
		2B6B397C1B73BE8C004FF61D /* Build configuration list for PBXNativeTarget "track_plus" */ = {
			isa = XCConfigurationList;
			buildConfigurations = (
				2B6B397D1B73BE8C004FF61D /* Debug */,
				2B6B397E1B73BE8C004FF61D /* Release */,
			);
			defaultConfigurationIsVisible = 0;
			defaultConfigurationName = Release;
		};
		2B6B39891B73BEBF004FF61D /* Build configuration list for PBXNativeTarget "daemon_plus" */ = {
			isa = XCConfigurationList;
			buildConfigurations = (
				2B6B39871B73BEBF004FF61D /* Debug */,
				2B6B39881B73BEBF004FF61D /* Release */,
			);
			defaultConfigurationIsVisible = 0;
			defaultConfigurationName = Release;
		};
/* End XCConfigurationList section */
	};
	rootObject = 2B6B396D1B73BE8B004FF61D /* Project object */;
}
